
Microsoft Visual Studio Solution File, Format Version 12.00
# Visual Studio Version 17
VisualStudioVersion = 17.13.35919.96
MinimumVisualStudioVersion = 10.0.40219.1
Project("{FAE04EC0-301F-11D3-BF4B-00C04F79EFBC}") = "ConsoleGame", "ConsoleGame\ConsoleGame.csproj", "{DB822391-297F-40E2-A87B-FA2ADE91BECB}"
EndProject
Project("{FAE04EC0-301F-11D3-BF4B-00C04F79EFBC}") = "Variable", "Variable\Variable.csproj", "{72FC2143-5A96-471D-B3FD-8CF8BBB21270}"
EndProject
Project("{FAE04EC0-301F-11D3-BF4B-00C04F79EFBC}") = "20250405", "20250405\20250405.csproj", "{B35952C2-C627-40E2-B918-7005EA6462C3}"
EndProject
Project("{FAE04EC0-301F-11D3-BF4B-00C04F79EFBC}") = "20250419", "20250419\20250419.csproj", "{C60D69BD-A07B-4E49-842F-900A36E5FAD3}"
EndProject
Global
	GlobalSection(SolutionConfigurationPlatforms) = preSolution
		Debug|Any CPU = Debug|Any CPU
		Release|Any CPU = Release|Any CPU
	EndGlobalSection
	GlobalSection(ProjectConfigurationPlatforms) = postSolution
		{DB822391-297F-40E2-A87B-FA2ADE91BECB}.Debug|Any CPU.ActiveCfg = Debug|Any CPU
		{DB822391-297F-40E2-A87B-FA2ADE91BECB}.Debug|Any CPU.Build.0 = Debug|Any CPU
		{DB822391-297F-40E2-A87B-FA2ADE91BECB}.Release|Any CPU.ActiveCfg = Release|Any CPU
		{DB822391-297F-40E2-A87B-FA2ADE91BECB}.Release|Any CPU.Build.0 = Release|Any CPU
		{72FC2143-5A96-471D-B3FD-8CF8BBB21270}.Debug|Any CPU.ActiveCfg = Debug|Any CPU
		{72FC2143-5A96-471D-B3FD-8CF8BBB21270}.Debug|Any CPU.Build.0 = Debug|Any CPU
		{72FC2143-5A96-471D-B3FD-8CF8BBB21270}.Release|Any CPU.ActiveCfg = Release|Any CPU
		{72FC2143-5A96-471D-B3FD-8CF8BBB21270}.Release|Any CPU.Build.0 = Release|Any CPU
		{B35952C2-C627-40E2-B918-7005EA6462C3}.Debug|Any CPU.ActiveCfg = Debug|Any CPU
		{B35952C2-C627-40E2-B918-7005EA6462C3}.Debug|Any CPU.Build.0 = Debug|Any CPU
		{B35952C2-C627-40E2-B918-7005EA6462C3}.Release|Any CPU.ActiveCfg = Release|Any CPU
		{B35952C2-C627-40E2-B918-7005EA6462C3}.Release|Any CPU.Build.0 = Release|Any CPU
		{C60D69BD-A07B-4E49-842F-900A36E5FAD3}.Debug|Any CPU.ActiveCfg = Debug|Any CPU
		{C60D69BD-A07B-4E49-842F-900A36E5FAD3}.Debug|Any CPU.Build.0 = Debug|Any CPU
		{C60D69BD-A07B-4E49-842F-900A36E5FAD3}.Release|Any CPU.ActiveCfg = Release|Any CPU
		{C60D69BD-A07B-4E49-842F-900A36E5FAD3}.Release|Any CPU.Build.0 = Release|Any CPU
	EndGlobalSection
	GlobalSection(SolutionProperties) = preSolution
		HideSolutionNode = FALSE
	EndGlobalSection
	GlobalSection(ExtensibilityGlobals) = postSolution
		SolutionGuid = {FE75C480-27E3-46B1-8BEF-77827D165A58}
	EndGlobalSection
EndGlobal
